{
  "pins" : [
    {
      "identity" : "launchatlogin",
      "kind" : "remoteSourceControl",
      "location" : "https://github.com/sindresorhus/LaunchAtLogin",
      "state" : {
        "branch" : "main",
        "revision" : "d811817ce35d74872a1170c851cab243a2b8b559"
      }
    }
  ],
  "version" : 2
}
